// !$*UTF8*$!
{
	archiveVersion = 1;
	classes = {
	};
	objectVersion = 52;
	objects = {

/* Begin PBXBuildFile section */
		0A0AE50026438D4E00D6F85A /* DescriptorParser.swift in Sources */ = {isa = PBXBuildFile; fileRef = 0A0AE4FF26438D4E00D6F85A /* DescriptorParser.swift */; };
		0A0AE50526438DB900D6F85A /* Descriptor.swift in Sources */ = {isa = PBXBuildFile; fileRef = 0A0AE50426438DB900D6F85A /* Descriptor.swift */; };
		0A0AE50A2643948C00D6F85A /* DeriveLifehash.swift in Sources */ = {isa = PBXBuildFile; fileRef = 0A0AE5092643948C00D6F85A /* DeriveLifehash.swift */; };
		0A0AE52126477C9700D6F85A /* QRScannerViewController.swift in Sources */ = {isa = PBXBuildFile; fileRef = 0A0AE52026477C9700D6F85A /* QRScannerViewController.swift */; };
		0A4151A22640ED4D00E23C99 /* LibWally.xcframework in Frameworks */ = {isa = PBXBuildFile; fileRef = 0A41519C2640ED4900E23C99 /* LibWally.xcframework */; };
		0A4151A32640ED4D00E23C99 /* LibWally.xcframework in Embed Frameworks */ = {isa = PBXBuildFile; fileRef = 0A41519C2640ED4900E23C99 /* LibWally.xcframework */; settings = {ATTRIBUTES = (CodeSignOnCopy, RemoveHeadersOnCopy, ); }; };
		0A4151AD2640EED300E23C99 /* URKit in Frameworks */ = {isa = PBXBuildFile; productRef = 0A4151AC2640EED300E23C99 /* URKit */; };
		0A4151B32640EF7200E23C99 /* LifeHash in Frameworks */ = {isa = PBXBuildFile; productRef = 0A4151B22640EF7200E23C99 /* LifeHash */; };
		0A4151BF2640FE5100E23C99 /* CloudKit.framework in Frameworks */ = {isa = PBXBuildFile; fileRef = 0A4151BE2640FE5100E23C99 /* CloudKit.framework */; };
		D006E32B243D6EBF007B1A5B /* ShareViewController.swift in Sources */ = {isa = PBXBuildFile; fileRef = D006E32A243D6EBF007B1A5B /* ShareViewController.swift */; };
		D006E32E243D6EBF007B1A5B /* MainInterface.storyboard in Resources */ = {isa = PBXBuildFile; fileRef = D006E32C243D6EBF007B1A5B /* MainInterface.storyboard */; };
		D006E332243D6EBF007B1A5B /* ShareExt.appex in Embed App Extensions */ = {isa = PBXBuildFile; fileRef = D006E328243D6EBF007B1A5B /* ShareExt.appex */; settings = {ATTRIBUTES = (RemoveHeadersOnCopy, ); }; };
		D006E338243D7C1A007B1A5B /* Encryption.swift in Sources */ = {isa = PBXBuildFile; fileRef = D0FA16B9243AF6E500115589 /* Encryption.swift */; };
		D006E339243D7C21007B1A5B /* Keychain.swift in Sources */ = {isa = PBXBuildFile; fileRef = D0FA16B7243AF5E300115589 /* Keychain.swift */; };
		D006E33A243D877D007B1A5B /* QR_Vault.xcdatamodeld in Sources */ = {isa = PBXBuildFile; fileRef = D0FA167C243ABD3100115589 /* QR_Vault.xcdatamodeld */; };
		D006E33D243D91C0007B1A5B /* CoreDataManager.swift in Sources */ = {isa = PBXBuildFile; fileRef = D0FA16BB243B117C00115589 /* CoreDataManager.swift */; };
		D006E341243DB0C2007B1A5B /* strobe.png in Resources */ = {isa = PBXBuildFile; fileRef = D006E340243DB0C2007B1A5B /* strobe.png */; };
		D006E343243DB0D5007B1A5B /* images.png in Resources */ = {isa = PBXBuildFile; fileRef = D006E342243DB0D5007B1A5B /* images.png */; };
		D006E345243EB9D5007B1A5B /* blockchain-commons-logo.png in Resources */ = {isa = PBXBuildFile; fileRef = D006E344243EB9D5007B1A5B /* blockchain-commons-logo.png */; };
		D006E347243EBF9C007B1A5B /* SponsorViewController.swift in Sources */ = {isa = PBXBuildFile; fileRef = D006E346243EBF9C007B1A5B /* SponsorViewController.swift */; };
		D006E349243EC56F007B1A5B /* logo.png in Resources */ = {isa = PBXBuildFile; fileRef = D006E348243EC56F007B1A5B /* logo.png */; };
		D04F029D253E9CE5008CB77F /* Parser.swift in Sources */ = {isa = PBXBuildFile; fileRef = D04F029C253E9CE5008CB77F /* Parser.swift */; };
		D04F029F253EA847008CB77F /* Lifehash.swift in Sources */ = {isa = PBXBuildFile; fileRef = D04F029E253EA847008CB77F /* Lifehash.swift */; };
		D04F02A6253EABBD008CB77F /* Utilities.swift in Sources */ = {isa = PBXBuildFile; fileRef = D04F02A5253EABBD008CB77F /* Utilities.swift */; };
		D04F02AA253EC660008CB77F /* UniformResource.swift in Sources */ = {isa = PBXBuildFile; fileRef = D04F02A9253EC660008CB77F /* UniformResource.swift */; };
		D0FA1674243ABD3100115589 /* AppDelegate.swift in Sources */ = {isa = PBXBuildFile; fileRef = D0FA1673243ABD3100115589 /* AppDelegate.swift */; };
		D0FA1676243ABD3100115589 /* SceneDelegate.swift in Sources */ = {isa = PBXBuildFile; fileRef = D0FA1675243ABD3100115589 /* SceneDelegate.swift */; };
		D0FA167B243ABD3100115589 /* Main.storyboard in Resources */ = {isa = PBXBuildFile; fileRef = D0FA1679243ABD3100115589 /* Main.storyboard */; };
		D0FA167E243ABD3100115589 /* QR_Vault.xcdatamodeld in Sources */ = {isa = PBXBuildFile; fileRef = D0FA167C243ABD3100115589 /* QR_Vault.xcdatamodeld */; };
		D0FA1680243ABD3800115589 /* Assets.xcassets in Resources */ = {isa = PBXBuildFile; fileRef = D0FA167F243ABD3800115589 /* Assets.xcassets */; };
		D0FA1683243ABD3800115589 /* LaunchScreen.storyboard in Resources */ = {isa = PBXBuildFile; fileRef = D0FA1681243ABD3800115589 /* LaunchScreen.storyboard */; };
		D0FA168E243ABD3900115589 /* QR_VaultTests.swift in Sources */ = {isa = PBXBuildFile; fileRef = D0FA168D243ABD3900115589 /* QR_VaultTests.swift */; };
		D0FA1699243ABD3900115589 /* QR_VaultUITests.swift in Sources */ = {isa = PBXBuildFile; fileRef = D0FA1698243ABD3900115589 /* QR_VaultUITests.swift */; };
		D0FA16A8243ABDF700115589 /* HomeViewController.swift in Sources */ = {isa = PBXBuildFile; fileRef = D0FA16A7243ABDF700115589 /* HomeViewController.swift */; };
		D0FA16AE243ACCBD00115589 /* QRStruct.swift in Sources */ = {isa = PBXBuildFile; fileRef = D0FA16AD243ACCBD00115589 /* QRStruct.swift */; };
		D0FA16B6243AF18400115589 /* LabelViewController.swift in Sources */ = {isa = PBXBuildFile; fileRef = D0FA16B5243AF18400115589 /* LabelViewController.swift */; };
		D0FA16B8243AF5E300115589 /* Keychain.swift in Sources */ = {isa = PBXBuildFile; fileRef = D0FA16B7243AF5E300115589 /* Keychain.swift */; };
		D0FA16BA243AF6E500115589 /* Encryption.swift in Sources */ = {isa = PBXBuildFile; fileRef = D0FA16B9243AF6E500115589 /* Encryption.swift */; };
		D0FA16BC243B117C00115589 /* CoreDataManager.swift in Sources */ = {isa = PBXBuildFile; fileRef = D0FA16BB243B117C00115589 /* CoreDataManager.swift */; };
		D0FA16BE243B25D100115589 /* Spinner.swift in Sources */ = {isa = PBXBuildFile; fileRef = D0FA16BD243B25D100115589 /* Spinner.swift */; };
		D0FA16C0243B4BA000115589 /* ExportViewController.swift in Sources */ = {isa = PBXBuildFile; fileRef = D0FA16BF243B4BA000115589 /* ExportViewController.swift */; };
		D0FA16C2243B4E2000115589 /* QRGenerator.swift in Sources */ = {isa = PBXBuildFile; fileRef = D0FA16C1243B4E2000115589 /* QRGenerator.swift */; };
/* End PBXBuildFile section */

/* Begin PBXContainerItemProxy section */
		D006E330243D6EBF007B1A5B /* PBXContainerItemProxy */ = {
			isa = PBXContainerItemProxy;
			containerPortal = D0FA1668243ABD3100115589 /* Project object */;
			proxyType = 1;
			remoteGlobalIDString = D006E327243D6EBF007B1A5B;
			remoteInfo = ShareExt;
		};
		D0FA168A243ABD3900115589 /* PBXContainerItemProxy */ = {
			isa = PBXContainerItemProxy;
			containerPortal = D0FA1668243ABD3100115589 /* Project object */;
			proxyType = 1;
			remoteGlobalIDString = D0FA166F243ABD3100115589;
			remoteInfo = "QR Vault";
		};
		D0FA1695243ABD3900115589 /* PBXContainerItemProxy */ = {
			isa = PBXContainerItemProxy;
			containerPortal = D0FA1668243ABD3100115589 /* Project object */;
			proxyType = 1;
			remoteGlobalIDString = D0FA166F243ABD3100115589;
			remoteInfo = "QR Vault";
		};
/* End PBXContainerItemProxy section */

/* Begin PBXCopyFilesBuildPhase section */
		0A4151A42640ED4D00E23C99 /* Embed Frameworks */ = {
			isa = PBXCopyFilesBuildPhase;
			buildActionMask = 2147483647;
			dstPath = "";
			dstSubfolderSpec = 10;
			files = (
				0A4151A32640ED4D00E23C99 /* LibWally.xcframework in Embed Frameworks */,
			);
			name = "Embed Frameworks";
			runOnlyForDeploymentPostprocessing = 0;
		};
		D006E31F243D5528007B1A5B /* Embed App Extensions */ = {
			isa = PBXCopyFilesBuildPhase;
			buildActionMask = 2147483647;
			dstPath = "";
			dstSubfolderSpec = 13;
			files = (
				D006E332243D6EBF007B1A5B /* ShareExt.appex in Embed App Extensions */,
			);
			name = "Embed App Extensions";
			runOnlyForDeploymentPostprocessing = 0;
		};
/* End PBXCopyFilesBuildPhase section */

/* Begin PBXFileReference section */
		0A0AE4FF26438D4E00D6F85A /* DescriptorParser.swift */ = {isa = PBXFileReference; lastKnownFileType = sourcecode.swift; path = DescriptorParser.swift; sourceTree = "<group>"; };
		0A0AE50426438DB900D6F85A /* Descriptor.swift */ = {isa = PBXFileReference; lastKnownFileType = sourcecode.swift; path = Descriptor.swift; sourceTree = "<group>"; };
		0A0AE5092643948C00D6F85A /* DeriveLifehash.swift */ = {isa = PBXFileReference; lastKnownFileType = sourcecode.swift; path = DeriveLifehash.swift; sourceTree = "<group>"; };
		0A0AE52026477C9700D6F85A /* QRScannerViewController.swift */ = {isa = PBXFileReference; lastKnownFileType = sourcecode.swift; path = QRScannerViewController.swift; sourceTree = "<group>"; };
		0A41519C2640ED4900E23C99 /* LibWally.xcframework */ = {isa = PBXFileReference; lastKnownFileType = wrapper.xcframework; path = LibWally.xcframework; sourceTree = "<group>"; };
		0A4151BE2640FE5100E23C99 /* CloudKit.framework */ = {isa = PBXFileReference; lastKnownFileType = wrapper.framework; name = CloudKit.framework; path = System/Library/Frameworks/CloudKit.framework; sourceTree = SDKROOT; };
		D006E328243D6EBF007B1A5B /* ShareExt.appex */ = {isa = PBXFileReference; explicitFileType = "wrapper.app-extension"; includeInIndex = 0; path = ShareExt.appex; sourceTree = BUILT_PRODUCTS_DIR; };
		D006E32A243D6EBF007B1A5B /* ShareViewController.swift */ = {isa = PBXFileReference; lastKnownFileType = sourcecode.swift; path = ShareViewController.swift; sourceTree = "<group>"; };
		D006E32D243D6EBF007B1A5B /* Base */ = {isa = PBXFileReference; lastKnownFileType = file.storyboard; name = Base; path = Base.lproj/MainInterface.storyboard; sourceTree = "<group>"; };
		D006E32F243D6EBF007B1A5B /* Info.plist */ = {isa = PBXFileReference; lastKnownFileType = text.plist.xml; path = Info.plist; sourceTree = "<group>"; };
		D006E336243D7903007B1A5B /* ShareExt.entitlements */ = {isa = PBXFileReference; lastKnownFileType = text.plist.entitlements; path = ShareExt.entitlements; sourceTree = "<group>"; };
		D006E340243DB0C2007B1A5B /* strobe.png */ = {isa = PBXFileReference; lastKnownFileType = image.png; path = strobe.png; sourceTree = "<group>"; };
		D006E342243DB0D5007B1A5B /* images.png */ = {isa = PBXFileReference; lastKnownFileType = image.png; path = images.png; sourceTree = "<group>"; };
		D006E344243EB9D5007B1A5B /* blockchain-commons-logo.png */ = {isa = PBXFileReference; lastKnownFileType = image.png; path = "blockchain-commons-logo.png"; sourceTree = "<group>"; };
		D006E346243EBF9C007B1A5B /* SponsorViewController.swift */ = {isa = PBXFileReference; lastKnownFileType = sourcecode.swift; path = SponsorViewController.swift; sourceTree = "<group>"; };
		D006E348243EC56F007B1A5B /* logo.png */ = {isa = PBXFileReference; lastKnownFileType = image.png; path = logo.png; sourceTree = "<group>"; };
		D04F029C253E9CE5008CB77F /* Parser.swift */ = {isa = PBXFileReference; lastKnownFileType = sourcecode.swift; path = Parser.swift; sourceTree = "<group>"; };
		D04F029E253EA847008CB77F /* Lifehash.swift */ = {isa = PBXFileReference; lastKnownFileType = sourcecode.swift; path = Lifehash.swift; sourceTree = "<group>"; };
		D04F02A5253EABBD008CB77F /* Utilities.swift */ = {isa = PBXFileReference; lastKnownFileType = sourcecode.swift; path = Utilities.swift; sourceTree = "<group>"; };
		D04F02A9253EC660008CB77F /* UniformResource.swift */ = {isa = PBXFileReference; lastKnownFileType = sourcecode.swift; path = UniformResource.swift; sourceTree = "<group>"; };
		D0FA1670243ABD3100115589 /* QR Vault.app */ = {isa = PBXFileReference; explicitFileType = wrapper.application; includeInIndex = 0; path = "QR Vault.app"; sourceTree = BUILT_PRODUCTS_DIR; };
		D0FA1673243ABD3100115589 /* AppDelegate.swift */ = {isa = PBXFileReference; lastKnownFileType = sourcecode.swift; path = AppDelegate.swift; sourceTree = "<group>"; };
		D0FA1675243ABD3100115589 /* SceneDelegate.swift */ = {isa = PBXFileReference; lastKnownFileType = sourcecode.swift; path = SceneDelegate.swift; sourceTree = "<group>"; };
		D0FA167A243ABD3100115589 /* Base */ = {isa = PBXFileReference; lastKnownFileType = file.storyboard; name = Base; path = Base.lproj/Main.storyboard; sourceTree = "<group>"; };
		D0FA167D243ABD3100115589 /* QR_Vault.xcdatamodel */ = {isa = PBXFileReference; lastKnownFileType = wrapper.xcdatamodel; path = QR_Vault.xcdatamodel; sourceTree = "<group>"; };
		D0FA167F243ABD3800115589 /* Assets.xcassets */ = {isa = PBXFileReference; lastKnownFileType = folder.assetcatalog; path = Assets.xcassets; sourceTree = "<group>"; };
		D0FA1682243ABD3800115589 /* Base */ = {isa = PBXFileReference; lastKnownFileType = file.storyboard; name = Base; path = Base.lproj/LaunchScreen.storyboard; sourceTree = "<group>"; };
		D0FA1684243ABD3800115589 /* Info.plist */ = {isa = PBXFileReference; lastKnownFileType = text.plist.xml; path = Info.plist; sourceTree = "<group>"; };
		D0FA1689243ABD3900115589 /* QR VaultTests.xctest */ = {isa = PBXFileReference; explicitFileType = wrapper.cfbundle; includeInIndex = 0; path = "QR VaultTests.xctest"; sourceTree = BUILT_PRODUCTS_DIR; };
		D0FA168D243ABD3900115589 /* QR_VaultTests.swift */ = {isa = PBXFileReference; lastKnownFileType = sourcecode.swift; path = QR_VaultTests.swift; sourceTree = "<group>"; };
		D0FA168F243ABD3900115589 /* Info.plist */ = {isa = PBXFileReference; lastKnownFileType = text.plist.xml; path = Info.plist; sourceTree = "<group>"; };
		D0FA1694243ABD3900115589 /* QR VaultUITests.xctest */ = {isa = PBXFileReference; explicitFileType = wrapper.cfbundle; includeInIndex = 0; path = "QR VaultUITests.xctest"; sourceTree = BUILT_PRODUCTS_DIR; };
		D0FA1698243ABD3900115589 /* QR_VaultUITests.swift */ = {isa = PBXFileReference; lastKnownFileType = sourcecode.swift; path = QR_VaultUITests.swift; sourceTree = "<group>"; };
		D0FA169A243ABD3900115589 /* Info.plist */ = {isa = PBXFileReference; lastKnownFileType = text.plist.xml; path = Info.plist; sourceTree = "<group>"; };
		D0FA16A6243ABD4500115589 /* QR Vault.entitlements */ = {isa = PBXFileReference; lastKnownFileType = text.plist.entitlements; path = "QR Vault.entitlements"; sourceTree = "<group>"; };
		D0FA16A7243ABDF700115589 /* HomeViewController.swift */ = {isa = PBXFileReference; lastKnownFileType = sourcecode.swift; path = HomeViewController.swift; sourceTree = "<group>"; };
		D0FA16AD243ACCBD00115589 /* QRStruct.swift */ = {isa = PBXFileReference; lastKnownFileType = sourcecode.swift; path = QRStruct.swift; sourceTree = "<group>"; };
		D0FA16B5243AF18400115589 /* LabelViewController.swift */ = {isa = PBXFileReference; lastKnownFileType = sourcecode.swift; path = LabelViewController.swift; sourceTree = "<group>"; };
		D0FA16B7243AF5E300115589 /* Keychain.swift */ = {isa = PBXFileReference; lastKnownFileType = sourcecode.swift; path = Keychain.swift; sourceTree = "<group>"; };
		D0FA16B9243AF6E500115589 /* Encryption.swift */ = {isa = PBXFileReference; lastKnownFileType = sourcecode.swift; path = Encryption.swift; sourceTree = "<group>"; };
		D0FA16BB243B117C00115589 /* CoreDataManager.swift */ = {isa = PBXFileReference; lastKnownFileType = sourcecode.swift; path = CoreDataManager.swift; sourceTree = "<group>"; };
		D0FA16BD243B25D100115589 /* Spinner.swift */ = {isa = PBXFileReference; lastKnownFileType = sourcecode.swift; path = Spinner.swift; sourceTree = "<group>"; };
		D0FA16BF243B4BA000115589 /* ExportViewController.swift */ = {isa = PBXFileReference; lastKnownFileType = sourcecode.swift; path = ExportViewController.swift; sourceTree = "<group>"; };
		D0FA16C1243B4E2000115589 /* QRGenerator.swift */ = {isa = PBXFileReference; lastKnownFileType = sourcecode.swift; path = QRGenerator.swift; sourceTree = "<group>"; };
/* End PBXFileReference section */

/* Begin PBXFrameworksBuildPhase section */
		D006E325243D6EBF007B1A5B /* Frameworks */ = {
			isa = PBXFrameworksBuildPhase;
			buildActionMask = 2147483647;
			files = (
			);
			runOnlyForDeploymentPostprocessing = 0;
		};
		D0FA166D243ABD3100115589 /* Frameworks */ = {
			isa = PBXFrameworksBuildPhase;
			buildActionMask = 2147483647;
			files = (
				0A4151B32640EF7200E23C99 /* LifeHash in Frameworks */,
				0A4151BF2640FE5100E23C99 /* CloudKit.framework in Frameworks */,
				0A4151AD2640EED300E23C99 /* URKit in Frameworks */,
				0A4151A22640ED4D00E23C99 /* LibWally.xcframework in Frameworks */,
			);
			runOnlyForDeploymentPostprocessing = 0;
		};
		D0FA1686243ABD3900115589 /* Frameworks */ = {
			isa = PBXFrameworksBuildPhase;
			buildActionMask = 2147483647;
			files = (
			);
			runOnlyForDeploymentPostprocessing = 0;
		};
		D0FA1691243ABD3900115589 /* Frameworks */ = {
			isa = PBXFrameworksBuildPhase;
			buildActionMask = 2147483647;
			files = (
			);
			runOnlyForDeploymentPostprocessing = 0;
		};
/* End PBXFrameworksBuildPhase section */

/* Begin PBXGroup section */
		0A4151BD2640FE5100E23C99 /* Frameworks */ = {
			isa = PBXGroup;
			children = (
				0A4151BE2640FE5100E23C99 /* CloudKit.framework */,
			);
			name = Frameworks;
			sourceTree = "<group>";
		};
		D006E329243D6EBF007B1A5B /* ShareExt */ = {
			isa = PBXGroup;
			children = (
				D006E336243D7903007B1A5B /* ShareExt.entitlements */,
				D006E32A243D6EBF007B1A5B /* ShareViewController.swift */,
				D006E32C243D6EBF007B1A5B /* MainInterface.storyboard */,
				D006E32F243D6EBF007B1A5B /* Info.plist */,
			);
			path = ShareExt;
			sourceTree = "<group>";
		};
		D04F02A4253EAB04008CB77F /* Frameworks */ = {
			isa = PBXGroup;
			children = (
				0A41519C2640ED4900E23C99 /* LibWally.xcframework */,
			);
			path = Frameworks;
			sourceTree = "<group>";
		};
		D0FA1667243ABD3100115589 = {
			isa = PBXGroup;
			children = (
				D0FA1672243ABD3100115589 /* QR Vault */,
				D0FA168C243ABD3900115589 /* QR VaultTests */,
				D0FA1697243ABD3900115589 /* QR VaultUITests */,
				D006E329243D6EBF007B1A5B /* ShareExt */,
				D0FA1671243ABD3100115589 /* Products */,
				0A4151BD2640FE5100E23C99 /* Frameworks */,
			);
			sourceTree = "<group>";
		};
		D0FA1671243ABD3100115589 /* Products */ = {
			isa = PBXGroup;
			children = (
				D0FA1670243ABD3100115589 /* QR Vault.app */,
				D0FA1689243ABD3900115589 /* QR VaultTests.xctest */,
				D0FA1694243ABD3900115589 /* QR VaultUITests.xctest */,
				D006E328243D6EBF007B1A5B /* ShareExt.appex */,
			);
			name = Products;
			sourceTree = "<group>";
		};
		D0FA1672243ABD3100115589 /* QR Vault */ = {
			isa = PBXGroup;
			children = (
				D04F02A4253EAB04008CB77F /* Frameworks */,
				D0FA16A6243ABD4500115589 /* QR Vault.entitlements */,
				D0FA1673243ABD3100115589 /* AppDelegate.swift */,
				D0FA1675243ABD3100115589 /* SceneDelegate.swift */,
				D0FA1679243ABD3100115589 /* Main.storyboard */,
				D0FA167F243ABD3800115589 /* Assets.xcassets */,
				D0FA1681243ABD3800115589 /* LaunchScreen.storyboard */,
				D0FA1684243ABD3800115589 /* Info.plist */,
				D0FA167C243ABD3100115589 /* QR_Vault.xcdatamodeld */,
				D0FA16AC243AC63300115589 /* Images */,
				D0FA16A9243AC5EC00115589 /* View Controllers */,
				D0FA16AF243ACD7B00115589 /* Structs */,
				D0FA16B4243AD67E00115589 /* Helpers */,
				D04F02A5253EABBD008CB77F /* Utilities.swift */,
			);
			path = "QR Vault";
			sourceTree = "<group>";
		};
		D0FA168C243ABD3900115589 /* QR VaultTests */ = {
			isa = PBXGroup;
			children = (
				D0FA168D243ABD3900115589 /* QR_VaultTests.swift */,
				D0FA168F243ABD3900115589 /* Info.plist */,
			);
			path = "QR VaultTests";
			sourceTree = "<group>";
		};
		D0FA1697243ABD3900115589 /* QR VaultUITests */ = {
			isa = PBXGroup;
			children = (
				D0FA1698243ABD3900115589 /* QR_VaultUITests.swift */,
				D0FA169A243ABD3900115589 /* Info.plist */,
			);
			path = "QR VaultUITests";
			sourceTree = "<group>";
		};
		D0FA16A9243AC5EC00115589 /* View Controllers */ = {
			isa = PBXGroup;
			children = (
				D0FA16A7243ABDF700115589 /* HomeViewController.swift */,
				D0FA16B5243AF18400115589 /* LabelViewController.swift */,
				D0FA16BF243B4BA000115589 /* ExportViewController.swift */,
				D006E346243EBF9C007B1A5B /* SponsorViewController.swift */,
				0A0AE52026477C9700D6F85A /* QRScannerViewController.swift */,
			);
			path = "View Controllers";
			sourceTree = "<group>";
		};
		D0FA16AC243AC63300115589 /* Images */ = {
			isa = PBXGroup;
			children = (
				D006E344243EB9D5007B1A5B /* blockchain-commons-logo.png */,
				D006E348243EC56F007B1A5B /* logo.png */,
				D006E340243DB0C2007B1A5B /* strobe.png */,
				D006E342243DB0D5007B1A5B /* images.png */,
			);
			path = Images;
			sourceTree = "<group>";
		};
		D0FA16AF243ACD7B00115589 /* Structs */ = {
			isa = PBXGroup;
			children = (
				D0FA16AD243ACCBD00115589 /* QRStruct.swift */,
				0A0AE50426438DB900D6F85A /* Descriptor.swift */,
			);
			path = Structs;
			sourceTree = "<group>";
		};
		D0FA16B4243AD67E00115589 /* Helpers */ = {
			isa = PBXGroup;
			children = (
				D0FA16B7243AF5E300115589 /* Keychain.swift */,
				D0FA16B9243AF6E500115589 /* Encryption.swift */,
				D0FA16BB243B117C00115589 /* CoreDataManager.swift */,
				D0FA16BD243B25D100115589 /* Spinner.swift */,
				D0FA16C1243B4E2000115589 /* QRGenerator.swift */,
				D04F029C253E9CE5008CB77F /* Parser.swift */,
				D04F029E253EA847008CB77F /* Lifehash.swift */,
				D04F02A9253EC660008CB77F /* UniformResource.swift */,
				0A0AE4FF26438D4E00D6F85A /* DescriptorParser.swift */,
				0A0AE5092643948C00D6F85A /* DeriveLifehash.swift */,
			);
			path = Helpers;
			sourceTree = "<group>";
		};
/* End PBXGroup section */

/* Begin PBXNativeTarget section */
		D006E327243D6EBF007B1A5B /* ShareExt */ = {
			isa = PBXNativeTarget;
			buildConfigurationList = D006E333243D6EBF007B1A5B /* Build configuration list for PBXNativeTarget "ShareExt" */;
			buildPhases = (
				D006E324243D6EBF007B1A5B /* Sources */,
				D006E325243D6EBF007B1A5B /* Frameworks */,
				D006E326243D6EBF007B1A5B /* Resources */,
			);
			buildRules = (
			);
			dependencies = (
			);
			name = ShareExt;
			productName = ShareExt;
			productReference = D006E328243D6EBF007B1A5B /* ShareExt.appex */;
			productType = "com.apple.product-type.app-extension";
		};
		D0FA166F243ABD3100115589 /* QR Vault */ = {
			isa = PBXNativeTarget;
			buildConfigurationList = D0FA169D243ABD3900115589 /* Build configuration list for PBXNativeTarget "QR Vault" */;
			buildPhases = (
				D0FA166C243ABD3100115589 /* Sources */,
				D0FA166D243ABD3100115589 /* Frameworks */,
				D0FA166E243ABD3100115589 /* Resources */,
				D006E31F243D5528007B1A5B /* Embed App Extensions */,
				0A4151A42640ED4D00E23C99 /* Embed Frameworks */,
			);
			buildRules = (
			);
			dependencies = (
				D006E331243D6EBF007B1A5B /* PBXTargetDependency */,
			);
			name = "QR Vault";
			packageProductDependencies = (
				0A4151AC2640EED300E23C99 /* URKit */,
				0A4151B22640EF7200E23C99 /* LifeHash */,
			);
			productName = "QR Vault";
			productReference = D0FA1670243ABD3100115589 /* QR Vault.app */;
			productType = "com.apple.product-type.application";
		};
		D0FA1688243ABD3900115589 /* QR VaultTests */ = {
			isa = PBXNativeTarget;
			buildConfigurationList = D0FA16A0243ABD3900115589 /* Build configuration list for PBXNativeTarget "QR VaultTests" */;
			buildPhases = (
				D0FA1685243ABD3900115589 /* Sources */,
				D0FA1686243ABD3900115589 /* Frameworks */,
				D0FA1687243ABD3900115589 /* Resources */,
			);
			buildRules = (
			);
			dependencies = (
				D0FA168B243ABD3900115589 /* PBXTargetDependency */,
			);
			name = "QR VaultTests";
			productName = "QR VaultTests";
			productReference = D0FA1689243ABD3900115589 /* QR VaultTests.xctest */;
			productType = "com.apple.product-type.bundle.unit-test";
		};
		D0FA1693243ABD3900115589 /* QR VaultUITests */ = {
			isa = PBXNativeTarget;
			buildConfigurationList = D0FA16A3243ABD3900115589 /* Build configuration list for PBXNativeTarget "QR VaultUITests" */;
			buildPhases = (
				D0FA1690243ABD3900115589 /* Sources */,
				D0FA1691243ABD3900115589 /* Frameworks */,
				D0FA1692243ABD3900115589 /* Resources */,
			);
			buildRules = (
			);
			dependencies = (
				D0FA1696243ABD3900115589 /* PBXTargetDependency */,
			);
			name = "QR VaultUITests";
			productName = "QR VaultUITests";
			productReference = D0FA1694243ABD3900115589 /* QR VaultUITests.xctest */;
			productType = "com.apple.product-type.bundle.ui-testing";
		};
/* End PBXNativeTarget section */

/* Begin PBXProject section */
		D0FA1668243ABD3100115589 /* Project object */ = {
			isa = PBXProject;
			attributes = {
				LastSwiftUpdateCheck = 1130;
				LastUpgradeCheck = 1130;
				ORGANIZATIONNAME = "Blockchain Commons, LLC";
				TargetAttributes = {
					D006E327243D6EBF007B1A5B = {
						CreatedOnToolsVersion = 11.3.1;
					};
					D0FA166F243ABD3100115589 = {
						CreatedOnToolsVersion = 11.3.1;
					};
					D0FA1688243ABD3900115589 = {
						CreatedOnToolsVersion = 11.3.1;
						TestTargetID = D0FA166F243ABD3100115589;
					};
					D0FA1693243ABD3900115589 = {
						CreatedOnToolsVersion = 11.3.1;
						TestTargetID = D0FA166F243ABD3100115589;
					};
				};
			};
			buildConfigurationList = D0FA166B243ABD3100115589 /* Build configuration list for PBXProject "QR Vault" */;
			compatibilityVersion = "Xcode 9.3";
			developmentRegion = en;
			hasScannedForEncodings = 0;
			knownRegions = (
				en,
				Base,
			);
			mainGroup = D0FA1667243ABD3100115589;
			packageReferences = (
				0A4151AB2640EED300E23C99 /* XCRemoteSwiftPackageReference "URKit" */,
				0A4151B12640EF7200E23C99 /* XCRemoteSwiftPackageReference "LifeHash" */,
			);
			productRefGroup = D0FA1671243ABD3100115589 /* Products */;
			projectDirPath = "";
			projectRoot = "";
			targets = (
				D0FA166F243ABD3100115589 /* QR Vault */,
				D0FA1688243ABD3900115589 /* QR VaultTests */,
				D0FA1693243ABD3900115589 /* QR VaultUITests */,
				D006E327243D6EBF007B1A5B /* ShareExt */,
			);
		};
/* End PBXProject section */

/* Begin PBXResourcesBuildPhase section */
		D006E326243D6EBF007B1A5B /* Resources */ = {
			isa = PBXResourcesBuildPhase;
			buildActionMask = 2147483647;
			files = (
				D006E32E243D6EBF007B1A5B /* MainInterface.storyboard in Resources */,
			);
			runOnlyForDeploymentPostprocessing = 0;
		};
		D0FA166E243ABD3100115589 /* Resources */ = {
			isa = PBXResourcesBuildPhase;
			buildActionMask = 2147483647;
			files = (
				D0FA1683243ABD3800115589 /* LaunchScreen.storyboard in Resources */,
				D0FA1680243ABD3800115589 /* Assets.xcassets in Resources */,
				D0FA167B243ABD3100115589 /* Main.storyboard in Resources */,
				D006E343243DB0D5007B1A5B /* images.png in Resources */,
				D006E341243DB0C2007B1A5B /* strobe.png in Resources */,
				D006E345243EB9D5007B1A5B /* blockchain-commons-logo.png in Resources */,
				D006E349243EC56F007B1A5B /* logo.png in Resources */,
			);
			runOnlyForDeploymentPostprocessing = 0;
		};
		D0FA1687243ABD3900115589 /* Resources */ = {
			isa = PBXResourcesBuildPhase;
			buildActionMask = 2147483647;
			files = (
			);
			runOnlyForDeploymentPostprocessing = 0;
		};
		D0FA1692243ABD3900115589 /* Resources */ = {
			isa = PBXResourcesBuildPhase;
			buildActionMask = 2147483647;
			files = (
			);
			runOnlyForDeploymentPostprocessing = 0;
		};
/* End PBXResourcesBuildPhase section */

/* Begin PBXSourcesBuildPhase section */
		D006E324243D6EBF007B1A5B /* Sources */ = {
			isa = PBXSourcesBuildPhase;
			buildActionMask = 2147483647;
			files = (
				D006E33D243D91C0007B1A5B /* CoreDataManager.swift in Sources */,
				D006E338243D7C1A007B1A5B /* Encryption.swift in Sources */,
				D006E339243D7C21007B1A5B /* Keychain.swift in Sources */,
				D006E33A243D877D007B1A5B /* QR_Vault.xcdatamodeld in Sources */,
				D006E32B243D6EBF007B1A5B /* ShareViewController.swift in Sources */,
			);
			runOnlyForDeploymentPostprocessing = 0;
		};
		D0FA166C243ABD3100115589 /* Sources */ = {
			isa = PBXSourcesBuildPhase;
			buildActionMask = 2147483647;
			files = (
				D0FA1674243ABD3100115589 /* AppDelegate.swift in Sources */,
				D0FA1676243ABD3100115589 /* SceneDelegate.swift in Sources */,
				0A0AE50A2643948C00D6F85A /* DeriveLifehash.swift in Sources */,
				D006E347243EBF9C007B1A5B /* SponsorViewController.swift in Sources */,
				D04F029D253E9CE5008CB77F /* Parser.swift in Sources */,
				D0FA16B6243AF18400115589 /* LabelViewController.swift in Sources */,
				0A0AE52126477C9700D6F85A /* QRScannerViewController.swift in Sources */,
				D04F02A6253EABBD008CB77F /* Utilities.swift in Sources */,
				D0FA167E243ABD3100115589 /* QR_Vault.xcdatamodeld in Sources */,
				0A0AE50526438DB900D6F85A /* Descriptor.swift in Sources */,
				D0FA16B8243AF5E300115589 /* Keychain.swift in Sources */,
				D0FA16C2243B4E2000115589 /* QRGenerator.swift in Sources */,
				D04F02AA253EC660008CB77F /* UniformResource.swift in Sources */,
				D0FA16C0243B4BA000115589 /* ExportViewController.swift in Sources */,
				0A0AE50026438D4E00D6F85A /* DescriptorParser.swift in Sources */,
				D04F029F253EA847008CB77F /* Lifehash.swift in Sources */,
				D0FA16BE243B25D100115589 /* Spinner.swift in Sources */,
				D0FA16A8243ABDF700115589 /* HomeViewController.swift in Sources */,
				D0FA16BA243AF6E500115589 /* Encryption.swift in Sources */,
				D0FA16AE243ACCBD00115589 /* QRStruct.swift in Sources */,
				D0FA16BC243B117C00115589 /* CoreDataManager.swift in Sources */,
			);
			runOnlyForDeploymentPostprocessing = 0;
		};
		D0FA1685243ABD3900115589 /* Sources */ = {
			isa = PBXSourcesBuildPhase;
			buildActionMask = 2147483647;
			files = (
				D0FA168E243ABD3900115589 /* QR_VaultTests.swift in Sources */,
			);
			runOnlyForDeploymentPostprocessing = 0;
		};
		D0FA1690243ABD3900115589 /* Sources */ = {
			isa = PBXSourcesBuildPhase;
			buildActionMask = 2147483647;
			files = (
				D0FA1699243ABD3900115589 /* QR_VaultUITests.swift in Sources */,
			);
			runOnlyForDeploymentPostprocessing = 0;
		};
/* End PBXSourcesBuildPhase section */

/* Begin PBXTargetDependency section */
		D006E331243D6EBF007B1A5B /* PBXTargetDependency */ = {
			isa = PBXTargetDependency;
			target = D006E327243D6EBF007B1A5B /* ShareExt */;
			targetProxy = D006E330243D6EBF007B1A5B /* PBXContainerItemProxy */;
		};
		D0FA168B243ABD3900115589 /* PBXTargetDependency */ = {
			isa = PBXTargetDependency;
			target = D0FA166F243ABD3100115589 /* QR Vault */;
			targetProxy = D0FA168A243ABD3900115589 /* PBXContainerItemProxy */;
		};
		D0FA1696243ABD3900115589 /* PBXTargetDependency */ = {
			isa = PBXTargetDependency;
			target = D0FA166F243ABD3100115589 /* QR Vault */;
			targetProxy = D0FA1695243ABD3900115589 /* PBXContainerItemProxy */;
		};
/* End PBXTargetDependency section */

/* Begin PBXVariantGroup section */
		D006E32C243D6EBF007B1A5B /* MainInterface.storyboard */ = {
			isa = PBXVariantGroup;
			children = (
				D006E32D243D6EBF007B1A5B /* Base */,
			);
			name = MainInterface.storyboard;
			sourceTree = "<group>";
		};
		D0FA1679243ABD3100115589 /* Main.storyboard */ = {
			isa = PBXVariantGroup;
			children = (
				D0FA167A243ABD3100115589 /* Base */,
			);
			name = Main.storyboard;
			sourceTree = "<group>";
		};
		D0FA1681243ABD3800115589 /* LaunchScreen.storyboard */ = {
			isa = PBXVariantGroup;
			children = (
				D0FA1682243ABD3800115589 /* Base */,
			);
			name = LaunchScreen.storyboard;
			sourceTree = "<group>";
		};
/* End PBXVariantGroup section */

/* Begin XCBuildConfiguration section */
		D006E334243D6EBF007B1A5B /* Debug */ = {
			isa = XCBuildConfiguration;
			buildSettings = {
				CODE_SIGN_ENTITLEMENTS = ShareExt/ShareExt.entitlements;
				CODE_SIGN_IDENTITY = "Apple Development";
				"CODE_SIGN_IDENTITY[sdk=macosx*]" = "Apple Development";
				CODE_SIGN_STYLE = Automatic;
				CURRENT_PROJECT_VERSION = 0.1.3;
				DERIVE_MACCATALYST_PRODUCT_BUNDLE_IDENTIFIER = YES;
				DEVELOPMENT_TEAM = YZHG975W3A;
				INFOPLIST_FILE = ShareExt/Info.plist;
				LD_RUNPATH_SEARCH_PATHS = (
					"$(inherited)",
					"@executable_path/Frameworks",
					"@executable_path/../../Frameworks",
				);
				MARKETING_VERSION = 0.1.3;
				PRODUCT_BUNDLE_IDENTIFIER = com.blockchaincommons.QRVault.ShareExt;
				PRODUCT_NAME = "$(TARGET_NAME)";
				SKIP_INSTALL = YES;
				SUPPORTS_MACCATALYST = YES;
				SWIFT_VERSION = 5.0;
				TARGETED_DEVICE_FAMILY = "1,2";
			};
			name = Debug;
		};
		D006E335243D6EBF007B1A5B /* Release */ = {
			isa = XCBuildConfiguration;
			buildSettings = {
				CODE_SIGN_ENTITLEMENTS = ShareExt/ShareExt.entitlements;
				CODE_SIGN_IDENTITY = "Apple Development";
				"CODE_SIGN_IDENTITY[sdk=macosx*]" = "Apple Development";
				CODE_SIGN_STYLE = Automatic;
				CURRENT_PROJECT_VERSION = 0.1.3;
				DERIVE_MACCATALYST_PRODUCT_BUNDLE_IDENTIFIER = YES;
				DEVELOPMENT_TEAM = YZHG975W3A;
				INFOPLIST_FILE = ShareExt/Info.plist;
				LD_RUNPATH_SEARCH_PATHS = (
					"$(inherited)",
					"@executable_path/Frameworks",
					"@executable_path/../../Frameworks",
				);
				MARKETING_VERSION = 0.1.3;
				PRODUCT_BUNDLE_IDENTIFIER = com.blockchaincommons.QRVault.ShareExt;
				PRODUCT_NAME = "$(TARGET_NAME)";
				SKIP_INSTALL = YES;
				SUPPORTS_MACCATALYST = YES;
				SWIFT_VERSION = 5.0;
				TARGETED_DEVICE_FAMILY = "1,2";
			};
			name = Release;
		};
		D0FA169B243ABD3900115589 /* Debug */ = {
			isa = XCBuildConfiguration;
			buildSettings = {
				ALWAYS_SEARCH_USER_PATHS = NO;
				CLANG_ANALYZER_NONNULL = YES;
				CLANG_ANALYZER_NUMBER_OBJECT_CONVERSION = YES_AGGRESSIVE;
				CLANG_CXX_LANGUAGE_STANDARD = "gnu++14";
				CLANG_CXX_LIBRARY = "libc++";
				CLANG_ENABLE_MODULES = YES;
				CLANG_ENABLE_OBJC_ARC = YES;
				CLANG_ENABLE_OBJC_WEAK = YES;
				CLANG_WARN_BLOCK_CAPTURE_AUTORELEASING = YES;
				CLANG_WARN_BOOL_CONVERSION = YES;
				CLANG_WARN_COMMA = YES;
				CLANG_WARN_CONSTANT_CONVERSION = YES;
				CLANG_WARN_DEPRECATED_OBJC_IMPLEMENTATIONS = YES;
				CLANG_WARN_DIRECT_OBJC_ISA_USAGE = YES_ERROR;
				CLANG_WARN_DOCUMENTATION_COMMENTS = YES;
				CLANG_WARN_EMPTY_BODY = YES;
				CLANG_WARN_ENUM_CONVERSION = YES;
				CLANG_WARN_INFINITE_RECURSION = YES;
				CLANG_WARN_INT_CONVERSION = YES;
				CLANG_WARN_NON_LITERAL_NULL_CONVERSION = YES;
				CLANG_WARN_OBJC_IMPLICIT_RETAIN_SELF = YES;
				CLANG_WARN_OBJC_LITERAL_CONVERSION = YES;
				CLANG_WARN_OBJC_ROOT_CLASS = YES_ERROR;
				CLANG_WARN_RANGE_LOOP_ANALYSIS = YES;
				CLANG_WARN_STRICT_PROTOTYPES = YES;
				CLANG_WARN_SUSPICIOUS_MOVE = YES;
				CLANG_WARN_UNGUARDED_AVAILABILITY = YES_AGGRESSIVE;
				CLANG_WARN_UNREACHABLE_CODE = YES;
				CLANG_WARN__DUPLICATE_METHOD_MATCH = YES;
				COPY_PHASE_STRIP = NO;
				DEBUG_INFORMATION_FORMAT = dwarf;
				ENABLE_STRICT_OBJC_MSGSEND = YES;
				ENABLE_TESTABILITY = YES;
				GCC_C_LANGUAGE_STANDARD = gnu11;
				GCC_DYNAMIC_NO_PIC = NO;
				GCC_NO_COMMON_BLOCKS = YES;
				GCC_OPTIMIZATION_LEVEL = 0;
				GCC_PREPROCESSOR_DEFINITIONS = (
					"DEBUG=1",
					"$(inherited)",
				);
				GCC_WARN_64_TO_32_BIT_CONVERSION = YES;
				GCC_WARN_ABOUT_RETURN_TYPE = YES_ERROR;
				GCC_WARN_UNDECLARED_SELECTOR = YES;
				GCC_WARN_UNINITIALIZED_AUTOS = YES_AGGRESSIVE;
				GCC_WARN_UNUSED_FUNCTION = YES;
				GCC_WARN_UNUSED_VARIABLE = YES;
				IPHONEOS_DEPLOYMENT_TARGET = 13.2;
				MTL_ENABLE_DEBUG_INFO = INCLUDE_SOURCE;
				MTL_FAST_MATH = YES;
				ONLY_ACTIVE_ARCH = YES;
				SDKROOT = iphoneos;
				SWIFT_ACTIVE_COMPILATION_CONDITIONS = DEBUG;
				SWIFT_OPTIMIZATION_LEVEL = "-Onone";
			};
			name = Debug;
		};
		D0FA169C243ABD3900115589 /* Release */ = {
			isa = XCBuildConfiguration;
			buildSettings = {
				ALWAYS_SEARCH_USER_PATHS = NO;
				CLANG_ANALYZER_NONNULL = YES;
				CLANG_ANALYZER_NUMBER_OBJECT_CONVERSION = YES_AGGRESSIVE;
				CLANG_CXX_LANGUAGE_STANDARD = "gnu++14";
				CLANG_CXX_LIBRARY = "libc++";
				CLANG_ENABLE_MODULES = YES;
				CLANG_ENABLE_OBJC_ARC = YES;
				CLANG_ENABLE_OBJC_WEAK = YES;
				CLANG_WARN_BLOCK_CAPTURE_AUTORELEASING = YES;
				CLANG_WARN_BOOL_CONVERSION = YES;
				CLANG_WARN_COMMA = YES;
				CLANG_WARN_CONSTANT_CONVERSION = YES;
				CLANG_WARN_DEPRECATED_OBJC_IMPLEMENTATIONS = YES;
				CLANG_WARN_DIRECT_OBJC_ISA_USAGE = YES_ERROR;
				CLANG_WARN_DOCUMENTATION_COMMENTS = YES;
				CLANG_WARN_EMPTY_BODY = YES;
				CLANG_WARN_ENUM_CONVERSION = YES;
				CLANG_WARN_INFINITE_RECURSION = YES;
				CLANG_WARN_INT_CONVERSION = YES;
				CLANG_WARN_NON_LITERAL_NULL_CONVERSION = YES;
				CLANG_WARN_OBJC_IMPLICIT_RETAIN_SELF = YES;
				CLANG_WARN_OBJC_LITERAL_CONVERSION = YES;
				CLANG_WARN_OBJC_ROOT_CLASS = YES_ERROR;
				CLANG_WARN_RANGE_LOOP_ANALYSIS = YES;
				CLANG_WARN_STRICT_PROTOTYPES = YES;
				CLANG_WARN_SUSPICIOUS_MOVE = YES;
				CLANG_WARN_UNGUARDED_AVAILABILITY = YES_AGGRESSIVE;
				CLANG_WARN_UNREACHABLE_CODE = YES;
				CLANG_WARN__DUPLICATE_METHOD_MATCH = YES;
				COPY_PHASE_STRIP = NO;
				DEBUG_INFORMATION_FORMAT = "dwarf-with-dsym";
				ENABLE_NS_ASSERTIONS = NO;
				ENABLE_STRICT_OBJC_MSGSEND = YES;
				GCC_C_LANGUAGE_STANDARD = gnu11;
				GCC_NO_COMMON_BLOCKS = YES;
				GCC_WARN_64_TO_32_BIT_CONVERSION = YES;
				GCC_WARN_ABOUT_RETURN_TYPE = YES_ERROR;
				GCC_WARN_UNDECLARED_SELECTOR = YES;
				GCC_WARN_UNINITIALIZED_AUTOS = YES_AGGRESSIVE;
				GCC_WARN_UNUSED_FUNCTION = YES;
				GCC_WARN_UNUSED_VARIABLE = YES;
				IPHONEOS_DEPLOYMENT_TARGET = 13.2;
				MTL_ENABLE_DEBUG_INFO = NO;
				MTL_FAST_MATH = YES;
				SDKROOT = iphoneos;
				SWIFT_COMPILATION_MODE = wholemodule;
				SWIFT_OPTIMIZATION_LEVEL = "-O";
				VALIDATE_PRODUCT = YES;
			};
			name = Release;
		};
		D0FA169E243ABD3900115589 /* Debug */ = {
			isa = XCBuildConfiguration;
			buildSettings = {
				ALWAYS_EMBED_SWIFT_STANDARD_LIBRARIES = YES;
				ASSETCATALOG_COMPILER_APPICON_NAME = AppIcon;
				CODE_SIGN_ENTITLEMENTS = "QR Vault/QR Vault.entitlements";
				CODE_SIGN_IDENTITY = "Apple Development";
				"CODE_SIGN_IDENTITY[sdk=macosx*]" = "Apple Development";
				CODE_SIGN_STYLE = Automatic;
				CURRENT_PROJECT_VERSION = 0.1.3;
				DEVELOPMENT_TEAM = YZHG975W3A;
				ENABLE_BITCODE = NO;
				INFOPLIST_FILE = "QR Vault/Info.plist";
				IPHONEOS_DEPLOYMENT_TARGET = 13.0;
				LD_RUNPATH_SEARCH_PATHS = (
					"$(inherited)",
					"@executable_path/Frameworks",
				);
				MARKETING_VERSION = 0.1.3;
				PRODUCT_BUNDLE_IDENTIFIER = com.blockchaincommons.QRVault;
				PRODUCT_NAME = "$(TARGET_NAME)";
				PROVISIONING_PROFILE_SPECIFIER = "";
				"PROVISIONING_PROFILE_SPECIFIER[sdk=macosx*]" = "";
				SUPPORTS_MACCATALYST = YES;
				SWIFT_VERSION = 5.0;
				TARGETED_DEVICE_FAMILY = "1,2";
			};
			name = Debug;
		};
		D0FA169F243ABD3900115589 /* Release */ = {
			isa = XCBuildConfiguration;
			buildSettings = {
				ALWAYS_EMBED_SWIFT_STANDARD_LIBRARIES = YES;
				ASSETCATALOG_COMPILER_APPICON_NAME = AppIcon;
				CODE_SIGN_ENTITLEMENTS = "QR Vault/QR Vault.entitlements";
				CODE_SIGN_IDENTITY = "Apple Development";
				"CODE_SIGN_IDENTITY[sdk=macosx*]" = "Apple Development";
				CODE_SIGN_STYLE = Automatic;
				CURRENT_PROJECT_VERSION = 0.1.3;
				DEVELOPMENT_TEAM = YZHG975W3A;
				ENABLE_BITCODE = NO;
				INFOPLIST_FILE = "QR Vault/Info.plist";
				IPHONEOS_DEPLOYMENT_TARGET = 13.0;
				LD_RUNPATH_SEARCH_PATHS = (
					"$(inherited)",
					"@executable_path/Frameworks",
				);
				MARKETING_VERSION = 0.1.3;
				PRODUCT_BUNDLE_IDENTIFIER = com.blockchaincommons.QRVault;
				PRODUCT_NAME = "$(TARGET_NAME)";
				PROVISIONING_PROFILE_SPECIFIER = "";
				"PROVISIONING_PROFILE_SPECIFIER[sdk=macosx*]" = "";
				SUPPORTS_MACCATALYST = YES;
				SWIFT_VERSION = 5.0;
				TARGETED_DEVICE_FAMILY = "1,2";
			};
			name = Release;
		};
		D0FA16A1243ABD3900115589 /* Debug */ = {
			isa = XCBuildConfiguration;
			buildSettings = {
				ALWAYS_EMBED_SWIFT_STANDARD_LIBRARIES = YES;
				BUNDLE_LOADER = "$(TEST_HOST)";
				CODE_SIGN_STYLE = Automatic;
				DEVELOPMENT_TEAM = YZHG975W3A;
				INFOPLIST_FILE = "QR VaultTests/Info.plist";
				IPHONEOS_DEPLOYMENT_TARGET = 13.2;
				LD_RUNPATH_SEARCH_PATHS = (
					"$(inherited)",
					"@executable_path/Frameworks",
					"@loader_path/Frameworks",
				);
				PRODUCT_BUNDLE_IDENTIFIER = "com.blockchaincommons.QR-VaultTests";
				PRODUCT_NAME = "$(TARGET_NAME)";
				SWIFT_VERSION = 5.0;
				TARGETED_DEVICE_FAMILY = "1,2";
				TEST_HOST = "$(BUILT_PRODUCTS_DIR)/QR Vault.app/QR Vault";
			};
			name = Debug;
		};
		D0FA16A2243ABD3900115589 /* Release */ = {
			isa = XCBuildConfiguration;
			buildSettings = {
				ALWAYS_EMBED_SWIFT_STANDARD_LIBRARIES = YES;
				BUNDLE_LOADER = "$(TEST_HOST)";
				CODE_SIGN_STYLE = Automatic;
				DEVELOPMENT_TEAM = YZHG975W3A;
				INFOPLIST_FILE = "QR VaultTests/Info.plist";
				IPHONEOS_DEPLOYMENT_TARGET = 13.2;
				LD_RUNPATH_SEARCH_PATHS = (
					"$(inherited)",
					"@executable_path/Frameworks",
					"@loader_path/Frameworks",
				);
				PRODUCT_BUNDLE_IDENTIFIER = "com.blockchaincommons.QR-VaultTests";
				PRODUCT_NAME = "$(TARGET_NAME)";
				SWIFT_VERSION = 5.0;
				TARGETED_DEVICE_FAMILY = "1,2";
				TEST_HOST = "$(BUILT_PRODUCTS_DIR)/QR Vault.app/QR Vault";
			};
			name = Release;
		};
		D0FA16A4243ABD3900115589 /* Debug */ = {
			isa = XCBuildConfiguration;
			buildSettings = {
				ALWAYS_EMBED_SWIFT_STANDARD_LIBRARIES = YES;
				CODE_SIGN_STYLE = Automatic;
				DEVELOPMENT_TEAM = YZHG975W3A;
				INFOPLIST_FILE = "QR VaultUITests/Info.plist";
				LD_RUNPATH_SEARCH_PATHS = (
					"$(inherited)",
					"@executable_path/Frameworks",
					"@loader_path/Frameworks",
				);
				PRODUCT_BUNDLE_IDENTIFIER = "com.blockchaincommons.QR-VaultUITests";
				PRODUCT_NAME = "$(TARGET_NAME)";
				SWIFT_VERSION = 5.0;
				TARGETED_DEVICE_FAMILY = "1,2";
				TEST_TARGET_NAME = "QR Vault";
			};
			name = Debug;
		};
		D0FA16A5243ABD3900115589 /* Release */ = {
			isa = XCBuildConfiguration;
			buildSettings = {
				ALWAYS_EMBED_SWIFT_STANDARD_LIBRARIES = YES;
				CODE_SIGN_STYLE = Automatic;
				DEVELOPMENT_TEAM = YZHG975W3A;
				INFOPLIST_FILE = "QR VaultUITests/Info.plist";
				LD_RUNPATH_SEARCH_PATHS = (
					"$(inherited)",
					"@executable_path/Frameworks",
					"@loader_path/Frameworks",
				);
				PRODUCT_BUNDLE_IDENTIFIER = "com.blockchaincommons.QR-VaultUITests";
				PRODUCT_NAME = "$(TARGET_NAME)";
				SWIFT_VERSION = 5.0;
				TARGETED_DEVICE_FAMILY = "1,2";
				TEST_TARGET_NAME = "QR Vault";
			};
			name = Release;
		};
/* End XCBuildConfiguration section */

/* Begin XCConfigurationList section */
		D006E333243D6EBF007B1A5B /* Build configuration list for PBXNativeTarget "ShareExt" */ = {
			isa = XCConfigurationList;
			buildConfigurations = (
				D006E334243D6EBF007B1A5B /* Debug */,
				D006E335243D6EBF007B1A5B /* Release */,
			);
			defaultConfigurationIsVisible = 0;
			defaultConfigurationName = Release;
		};
		D0FA166B243ABD3100115589 /* Build configuration list for PBXProject "QR Vault" */ = {
			isa = XCConfigurationList;
			buildConfigurations = (
				D0FA169B243ABD3900115589 /* Debug */,
				D0FA169C243ABD3900115589 /* Release */,
			);
			defaultConfigurationIsVisible = 0;
			defaultConfigurationName = Release;
		};
		D0FA169D243ABD3900115589 /* Build configuration list for PBXNativeTarget "QR Vault" */ = {
			isa = XCConfigurationList;
			buildConfigurations = (
				D0FA169E243ABD3900115589 /* Debug */,
				D0FA169F243ABD3900115589 /* Release */,
			);
			defaultConfigurationIsVisible = 0;
			defaultConfigurationName = Release;
		};
		D0FA16A0243ABD3900115589 /* Build configuration list for PBXNativeTarget "QR VaultTests" */ = {
			isa = XCConfigurationList;
			buildConfigurations = (
				D0FA16A1243ABD3900115589 /* Debug */,
				D0FA16A2243ABD3900115589 /* Release */,
			);
			defaultConfigurationIsVisible = 0;
			defaultConfigurationName = Release;
		};
		D0FA16A3243ABD3900115589 /* Build configuration list for PBXNativeTarget "QR VaultUITests" */ = {
			isa = XCConfigurationList;
			buildConfigurations = (
				D0FA16A4243ABD3900115589 /* Debug */,
				D0FA16A5243ABD3900115589 /* Release */,
			);
			defaultConfigurationIsVisible = 0;
			defaultConfigurationName = Release;
		};
/* End XCConfigurationList section */

/* Begin XCRemoteSwiftPackageReference section */
		0A4151AB2640EED300E23C99 /* XCRemoteSwiftPackageReference "URKit" */ = {
			isa = XCRemoteSwiftPackageReference;
			repositoryURL = "https://github.com/BlockchainCommons/URKit";
			requirement = {
				kind = upToNextMajorVersion;
				minimumVersion = 2.4.0;
			};
		};
		0A4151B12640EF7200E23C99 /* XCRemoteSwiftPackageReference "LifeHash" */ = {
			isa = XCRemoteSwiftPackageReference;
			repositoryURL = "https://github.com/BlockchainCommons/LifeHash";
			requirement = {
				kind = upToNextMajorVersion;
				minimumVersion = 6.2.1;
			};
		};
/* End XCRemoteSwiftPackageReference section */

/* Begin XCSwiftPackageProductDependency section */
		0A4151AC2640EED300E23C99 /* URKit */ = {
			isa = XCSwiftPackageProductDependency;
			package = 0A4151AB2640EED300E23C99 /* XCRemoteSwiftPackageReference "URKit" */;
			productName = URKit;
		};
		0A4151B22640EF7200E23C99 /* LifeHash */ = {
			isa = XCSwiftPackageProductDependency;
			package = 0A4151B12640EF7200E23C99 /* XCRemoteSwiftPackageReference "LifeHash" */;
			productName = LifeHash;
		};
/* End XCSwiftPackageProductDependency section */

/* Begin XCVersionGroup section */
		D0FA167C243ABD3100115589 /* QR_Vault.xcdatamodeld */ = {
			isa = XCVersionGroup;
			children = (
				D0FA167D243ABD3100115589 /* QR_Vault.xcdatamodel */,
			);
			currentVersion = D0FA167D243ABD3100115589 /* QR_Vault.xcdatamodel */;
			path = QR_Vault.xcdatamodeld;
			sourceTree = "<group>";
			versionGroupType = wrapper.xcdatamodel;
		};
/* End XCVersionGroup section */
	};
	rootObject = D0FA1668243ABD3100115589 /* Project object */;
}
